
Microsoft Visual Studio Solution File, Format Version 12.00
# Visual Studio Version 17
VisualStudioVersion = 17.10.34916.146
MinimumVisualStudioVersion = 10.0.40219.1
Project("{FAE04EC0-301F-11D3-BF4B-00C04F79EFBC}") = "Test", "Test\Test.csproj", "{00FCAB40-5EBA-41C3-B913-D9B77A2F7B45}"
EndProject
Project("{FAE04EC0-301F-11D3-BF4B-00C04F79EFBC}") = "Entidades", "Entidades\Entidades.csproj", "{ED157DCC-8B0F-4835-ADF9-30B8B3546E4F}"
EndProject
Global
	GlobalSection(SolutionConfigurationPlatforms) = preSolution
		Debug|Any CPU = Debug|Any CPU
		Release|Any CPU = Release|Any CPU
	EndGlobalSection
	GlobalSection(ProjectConfigurationPlatforms) = postSolution
		{00FCAB40-5EBA-41C3-B913-D9B77A2F7B45}.Debug|Any CPU.ActiveCfg = Debug|Any CPU
		{00FCAB40-5EBA-41C3-B913-D9B77A2F7B45}.Debug|Any CPU.Build.0 = Debug|Any CPU
		{00FCAB40-5EBA-41C3-B913-D9B77A2F7B45}.Release|Any CPU.ActiveCfg = Release|Any CPU
		{00FCAB40-5EBA-41C3-B913-D9B77A2F7B45}.Release|Any CPU.Build.0 = Release|Any CPU
		{ED157DCC-8B0F-4835-ADF9-30B8B3546E4F}.Debug|Any CPU.ActiveCfg = Debug|Any CPU
		{ED157DCC-8B0F-4835-ADF9-30B8B3546E4F}.Debug|Any CPU.Build.0 = Debug|Any CPU
		{ED157DCC-8B0F-4835-ADF9-30B8B3546E4F}.Release|Any CPU.ActiveCfg = Release|Any CPU
		{ED157DCC-8B0F-4835-ADF9-30B8B3546E4F}.Release|Any CPU.Build.0 = Release|Any CPU
	EndGlobalSection
	GlobalSection(SolutionProperties) = preSolution
		HideSolutionNode = FALSE
	EndGlobalSection
	GlobalSection(ExtensibilityGlobals) = postSolution
		SolutionGuid = {6D3CE4A7-DA7F-4620-8176-5D51F362D368}
	EndGlobalSection
EndGlobal
